// !$*UTF8*$!
{
	archiveVersion = 1;
	classes = {
	};
	objectVersion = 56;
	objects = {

/* Begin PBXBuildFile section */
		3E0C1FBA2B5F0A6A008D525A /* AppsAndZertsApp.swift in Sources */ = {isa = PBXBuildFile; fileRef = 3E0C1FB92B5F0A6A008D525A /* AppsAndZertsApp.swift */; };
		3E0C1FBE2B5F0A6B008D525A /* Assets.xcassets in Resources */ = {isa = PBXBuildFile; fileRef = 3E0C1FBD2B5F0A6B008D525A /* Assets.xcassets */; };
		3E0C1FC12B5F0A6B008D525A /* Preview Assets.xcassets in Resources */ = {isa = PBXBuildFile; fileRef = 3E0C1FC02B5F0A6B008D525A /* Preview Assets.xcassets */; };
		3E40618B2B5F22A3002F9FA1 /* DessertFeedScreen.swift in Sources */ = {isa = PBXBuildFile; fileRef = 3E40618A2B5F22A3002F9FA1 /* DessertFeedScreen.swift */; };
		3E4061902B5F2453002F9FA1 /* ResourceLoaderTests.swift in Sources */ = {isa = PBXBuildFile; fileRef = 3E40618E2B5F2417002F9FA1 /* ResourceLoaderTests.swift */; };
		3E6FAFFC2B5F38E300E5DA10 /* XCTestCase+Helpers.swift in Sources */ = {isa = PBXBuildFile; fileRef = 3E6FAFFA2B5F38D100E5DA10 /* XCTestCase+Helpers.swift */; };
		3E6FAFFF2B5F395900E5DA10 /* URLProtocolStub.swift in Sources */ = {isa = PBXBuildFile; fileRef = 3E6FAFFD2B5F393C00E5DA10 /* URLProtocolStub.swift */; };
		3E6FB0012B5F39A700E5DA10 /* ResourceLoader.swift in Sources */ = {isa = PBXBuildFile; fileRef = 3E6FB0002B5F39A700E5DA10 /* ResourceLoader.swift */; };
		3E6FB0042B5F3B7B00E5DA10 /* LoadDessertFeedFromServerTests.swift in Sources */ = {isa = PBXBuildFile; fileRef = 3E6FB0022B5F3B6900E5DA10 /* LoadDessertFeedFromServerTests.swift */; };
		3E6FB0082B5F622000E5DA10 /* XCTestCase+Error.swift in Sources */ = {isa = PBXBuildFile; fileRef = 3E6FB0062B5F621500E5DA10 /* XCTestCase+Error.swift */; };
		3E6FB00B2B5F6EA100E5DA10 /* DessertFeedItemsMapper.swift in Sources */ = {isa = PBXBuildFile; fileRef = 3E6FB00A2B5F6EA100E5DA10 /* DessertFeedItemsMapper.swift */; };
		3E6FB00D2B5F943E00E5DA10 /* DessertFeedItem.swift in Sources */ = {isa = PBXBuildFile; fileRef = 3E6FB00C2B5F943E00E5DA10 /* DessertFeedItem.swift */; };
		3E6FB0122B5F9EBB00E5DA10 /* DessertFeedEndpoints.swift in Sources */ = {isa = PBXBuildFile; fileRef = 3E6FB0112B5F9EBB00E5DA10 /* DessertFeedEndpoints.swift */; };
		3E6FB0192B61CDE100E5DA10 /* URLSessionProtocol.swift in Sources */ = {isa = PBXBuildFile; fileRef = 3E6FB0182B61CDE100E5DA10 /* URLSessionProtocol.swift */; };
		3E6FB01C2B61CF7A00E5DA10 /* OnFirstAppear.swift in Sources */ = {isa = PBXBuildFile; fileRef = 3E6FB01B2B61CF7A00E5DA10 /* OnFirstAppear.swift */; };
		3E6FB01F2B61F2CD00E5DA10 /* DessertFeedViewModel.swift in Sources */ = {isa = PBXBuildFile; fileRef = 3E6FB01E2B61F2CD00E5DA10 /* DessertFeedViewModel.swift */; };
		3E8115252B64436D000DD64A /* DessertFeedViewModelTests.swift in Sources */ = {isa = PBXBuildFile; fileRef = 3E8115232B64434A000DD64A /* DessertFeedViewModelTests.swift */; };
		3ED8756D2B64612E00B42953 /* LoadDessertDetailsFromServerTests.swift in Sources */ = {isa = PBXBuildFile; fileRef = 3ED8756C2B64612E00B42953 /* LoadDessertDetailsFromServerTests.swift */; };
		3ED8756F2B64625600B42953 /* HTTPClientSpy.swift in Sources */ = {isa = PBXBuildFile; fileRef = 3ED8756E2B64625600B42953 /* HTTPClientSpy.swift */; };
		3ED875752B64E60A00B42953 /* DessertDetailsViewModel.swift in Sources */ = {isa = PBXBuildFile; fileRef = 3ED875732B64E2DC00B42953 /* DessertDetailsViewModel.swift */; };
		3ED875762B64E60A00B42953 /* DessertDetailsScreen.swift in Sources */ = {isa = PBXBuildFile; fileRef = 3ED875712B64E2CB00B42953 /* DessertDetailsScreen.swift */; };
		3ED8757B2B64FE4100B42953 /* DessertDetailsItem.swift in Sources */ = {isa = PBXBuildFile; fileRef = 3ED875792B64FE2A00B42953 /* DessertDetailsItem.swift */; };
		3ED8757C2B64FE4500B42953 /* DynamicCodingKeys.swift in Sources */ = {isa = PBXBuildFile; fileRef = 3ED875772B64FE0D00B42953 /* DynamicCodingKeys.swift */; };
		3ED8757E2B64FE5900B42953 /* Ingredient.swift in Sources */ = {isa = PBXBuildFile; fileRef = 3ED8757D2B64FE5900B42953 /* Ingredient.swift */; };
		3ED875802B64FE6C00B42953 /* DessertDetailsItemMapper.swift in Sources */ = {isa = PBXBuildFile; fileRef = 3ED8757F2B64FE6C00B42953 /* DessertDetailsItemMapper.swift */; };
		3ED875872B66FEDD00B42953 /* DessertFeedScreenSnapshotTests.swift in Sources */ = {isa = PBXBuildFile; fileRef = 3ED875862B66FEDD00B42953 /* DessertFeedScreenSnapshotTests.swift */; };
		3ED8758A2B67067F00B42953 /* DessertDetailsViewModelTests.swift in Sources */ = {isa = PBXBuildFile; fileRef = 3ED875892B67067F00B42953 /* DessertDetailsViewModelTests.swift */; };
		3ED8758E2B67099E00B42953 /* SnapshotTesting in Frameworks */ = {isa = PBXBuildFile; productRef = 3ED8758D2B67099E00B42953 /* SnapshotTesting */; };
		3ED875912B670C0900B42953 /* DynamicCodingKeysTests.swift in Sources */ = {isa = PBXBuildFile; fileRef = 3ED875902B670C0900B42953 /* DynamicCodingKeysTests.swift */; };
		3ED875932B670CF100B42953 /* DessertDetailsScreenSnapshotTests.swift in Sources */ = {isa = PBXBuildFile; fileRef = 3ED875922B670CF100B42953 /* DessertDetailsScreenSnapshotTests.swift */; };
/* End PBXBuildFile section */

/* Begin PBXContainerItemProxy section */
		3E0C1FC72B5F0A6B008D525A /* PBXContainerItemProxy */ = {
			isa = PBXContainerItemProxy;
			containerPortal = 3E0C1FAE2B5F0A69008D525A /* Project object */;
			proxyType = 1;
			remoteGlobalIDString = 3E0C1FB52B5F0A69008D525A;
			remoteInfo = AppsAndZerts;
		};
/* End PBXContainerItemProxy section */

/* Begin PBXFileReference section */
		3E0C1FB62B5F0A6A008D525A /* AppsAndZerts.app */ = {isa = PBXFileReference; explicitFileType = wrapper.application; includeInIndex = 0; path = AppsAndZerts.app; sourceTree = BUILT_PRODUCTS_DIR; };
		3E0C1FB92B5F0A6A008D525A /* AppsAndZertsApp.swift */ = {isa = PBXFileReference; lastKnownFileType = sourcecode.swift; path = AppsAndZertsApp.swift; sourceTree = "<group>"; };
		3E0C1FBD2B5F0A6B008D525A /* Assets.xcassets */ = {isa = PBXFileReference; lastKnownFileType = folder.assetcatalog; path = Assets.xcassets; sourceTree = "<group>"; };
		3E0C1FC02B5F0A6B008D525A /* Preview Assets.xcassets */ = {isa = PBXFileReference; lastKnownFileType = folder.assetcatalog; path = "Preview Assets.xcassets"; sourceTree = "<group>"; };
		3E0C1FC62B5F0A6B008D525A /* AppsAndZertsTests.xctest */ = {isa = PBXFileReference; explicitFileType = wrapper.cfbundle; includeInIndex = 0; path = AppsAndZertsTests.xctest; sourceTree = BUILT_PRODUCTS_DIR; };
		3E40618A2B5F22A3002F9FA1 /* DessertFeedScreen.swift */ = {isa = PBXFileReference; lastKnownFileType = sourcecode.swift; path = DessertFeedScreen.swift; sourceTree = "<group>"; };
		3E40618E2B5F2417002F9FA1 /* ResourceLoaderTests.swift */ = {isa = PBXFileReference; lastKnownFileType = sourcecode.swift; path = ResourceLoaderTests.swift; sourceTree = "<group>"; };
		3E6FAFFA2B5F38D100E5DA10 /* XCTestCase+Helpers.swift */ = {isa = PBXFileReference; lastKnownFileType = sourcecode.swift; path = "XCTestCase+Helpers.swift"; sourceTree = "<group>"; };
		3E6FAFFD2B5F393C00E5DA10 /* URLProtocolStub.swift */ = {isa = PBXFileReference; lastKnownFileType = sourcecode.swift; path = URLProtocolStub.swift; sourceTree = "<group>"; };
		3E6FB0002B5F39A700E5DA10 /* ResourceLoader.swift */ = {isa = PBXFileReference; lastKnownFileType = sourcecode.swift; path = ResourceLoader.swift; sourceTree = "<group>"; };
		3E6FB0022B5F3B6900E5DA10 /* LoadDessertFeedFromServerTests.swift */ = {isa = PBXFileReference; lastKnownFileType = sourcecode.swift; path = LoadDessertFeedFromServerTests.swift; sourceTree = "<group>"; };
		3E6FB0062B5F621500E5DA10 /* XCTestCase+Error.swift */ = {isa = PBXFileReference; lastKnownFileType = sourcecode.swift; path = "XCTestCase+Error.swift"; sourceTree = "<group>"; };
		3E6FB00A2B5F6EA100E5DA10 /* DessertFeedItemsMapper.swift */ = {isa = PBXFileReference; lastKnownFileType = sourcecode.swift; path = DessertFeedItemsMapper.swift; sourceTree = "<group>"; };
		3E6FB00C2B5F943E00E5DA10 /* DessertFeedItem.swift */ = {isa = PBXFileReference; lastKnownFileType = sourcecode.swift; path = DessertFeedItem.swift; sourceTree = "<group>"; };
		3E6FB0112B5F9EBB00E5DA10 /* DessertFeedEndpoints.swift */ = {isa = PBXFileReference; lastKnownFileType = sourcecode.swift; path = DessertFeedEndpoints.swift; sourceTree = "<group>"; };
		3E6FB0182B61CDE100E5DA10 /* URLSessionProtocol.swift */ = {isa = PBXFileReference; lastKnownFileType = sourcecode.swift; path = URLSessionProtocol.swift; sourceTree = "<group>"; };
		3E6FB01B2B61CF7A00E5DA10 /* OnFirstAppear.swift */ = {isa = PBXFileReference; lastKnownFileType = sourcecode.swift; path = OnFirstAppear.swift; sourceTree = "<group>"; };
		3E6FB01E2B61F2CD00E5DA10 /* DessertFeedViewModel.swift */ = {isa = PBXFileReference; lastKnownFileType = sourcecode.swift; path = DessertFeedViewModel.swift; sourceTree = "<group>"; };
		3E8115232B64434A000DD64A /* DessertFeedViewModelTests.swift */ = {isa = PBXFileReference; lastKnownFileType = sourcecode.swift; path = DessertFeedViewModelTests.swift; sourceTree = "<group>"; };
		3ED8756C2B64612E00B42953 /* LoadDessertDetailsFromServerTests.swift */ = {isa = PBXFileReference; lastKnownFileType = sourcecode.swift; path = LoadDessertDetailsFromServerTests.swift; sourceTree = "<group>"; };
		3ED8756E2B64625600B42953 /* HTTPClientSpy.swift */ = {isa = PBXFileReference; lastKnownFileType = sourcecode.swift; path = HTTPClientSpy.swift; sourceTree = "<group>"; };
		3ED875712B64E2CB00B42953 /* DessertDetailsScreen.swift */ = {isa = PBXFileReference; lastKnownFileType = sourcecode.swift; path = DessertDetailsScreen.swift; sourceTree = "<group>"; };
		3ED875732B64E2DC00B42953 /* DessertDetailsViewModel.swift */ = {isa = PBXFileReference; lastKnownFileType = sourcecode.swift; path = DessertDetailsViewModel.swift; sourceTree = "<group>"; };
		3ED875772B64FE0D00B42953 /* DynamicCodingKeys.swift */ = {isa = PBXFileReference; lastKnownFileType = sourcecode.swift; path = DynamicCodingKeys.swift; sourceTree = "<group>"; };
		3ED875792B64FE2A00B42953 /* DessertDetailsItem.swift */ = {isa = PBXFileReference; lastKnownFileType = sourcecode.swift; path = DessertDetailsItem.swift; sourceTree = "<group>"; };
		3ED8757D2B64FE5900B42953 /* Ingredient.swift */ = {isa = PBXFileReference; lastKnownFileType = sourcecode.swift; path = Ingredient.swift; sourceTree = "<group>"; };
		3ED8757F2B64FE6C00B42953 /* DessertDetailsItemMapper.swift */ = {isa = PBXFileReference; lastKnownFileType = sourcecode.swift; path = DessertDetailsItemMapper.swift; sourceTree = "<group>"; };
		3ED875862B66FEDD00B42953 /* DessertFeedScreenSnapshotTests.swift */ = {isa = PBXFileReference; lastKnownFileType = sourcecode.swift; path = DessertFeedScreenSnapshotTests.swift; sourceTree = "<group>"; };
		3ED875892B67067F00B42953 /* DessertDetailsViewModelTests.swift */ = {isa = PBXFileReference; lastKnownFileType = sourcecode.swift; path = DessertDetailsViewModelTests.swift; sourceTree = "<group>"; };
		3ED875902B670C0900B42953 /* DynamicCodingKeysTests.swift */ = {isa = PBXFileReference; lastKnownFileType = sourcecode.swift; path = DynamicCodingKeysTests.swift; sourceTree = "<group>"; };
		3ED875922B670CF100B42953 /* DessertDetailsScreenSnapshotTests.swift */ = {isa = PBXFileReference; lastKnownFileType = sourcecode.swift; path = DessertDetailsScreenSnapshotTests.swift; sourceTree = "<group>"; };
/* End PBXFileReference section */

/* Begin PBXFrameworksBuildPhase section */
		3E0C1FB32B5F0A69008D525A /* Frameworks */ = {
			isa = PBXFrameworksBuildPhase;
			buildActionMask = 2147483647;
			files = (
			);
			runOnlyForDeploymentPostprocessing = 0;
		};
		3E0C1FC32B5F0A6B008D525A /* Frameworks */ = {
			isa = PBXFrameworksBuildPhase;
			buildActionMask = 2147483647;
			files = (
				3ED8758E2B67099E00B42953 /* SnapshotTesting in Frameworks */,
			);
			runOnlyForDeploymentPostprocessing = 0;
		};
/* End PBXFrameworksBuildPhase section */

/* Begin PBXGroup section */
		3E0C1FAD2B5F0A69008D525A = {
			isa = PBXGroup;
			children = (
				3E0C1FB82B5F0A6A008D525A /* AppsAndZerts */,
				3E4061892B5F2293002F9FA1 /* DessertFeed */,
				3E40618C2B5F2321002F9FA1 /* DessertFeedTests */,
				3E0C1FB72B5F0A6A008D525A /* Products */,
				3E6FB0142B5FA04800E5DA10 /* Shared */,
				3E6FB0162B61CBF600E5DA10 /* SharedTests */,
				3ED8758C2B67099E00B42953 /* Frameworks */,
			);
			sourceTree = "<group>";
		};
		3E0C1FB72B5F0A6A008D525A /* Products */ = {
			isa = PBXGroup;
			children = (
				3E0C1FB62B5F0A6A008D525A /* AppsAndZerts.app */,
				3E0C1FC62B5F0A6B008D525A /* AppsAndZertsTests.xctest */,
			);
			name = Products;
			sourceTree = "<group>";
		};
		3E0C1FB82B5F0A6A008D525A /* AppsAndZerts */ = {
			isa = PBXGroup;
			children = (
				3E0C1FB92B5F0A6A008D525A /* AppsAndZertsApp.swift */,
				3E0C1FBD2B5F0A6B008D525A /* Assets.xcassets */,
				3E0C1FBF2B5F0A6B008D525A /* Preview Content */,
			);
			path = AppsAndZerts;
			sourceTree = "<group>";
		};
		3E0C1FBF2B5F0A6B008D525A /* Preview Content */ = {
			isa = PBXGroup;
			children = (
				3E0C1FC02B5F0A6B008D525A /* Preview Assets.xcassets */,
			);
			path = "Preview Content";
			sourceTree = "<group>";
		};
		3E4061892B5F2293002F9FA1 /* DessertFeed */ = {
			isa = PBXGroup;
			children = (
				3E6FB0132B5F9F2D00E5DA10 /* UI */,
				3E6FB0102B5F970900E5DA10 /* Models */,
				3E6FB0092B5F6E9000E5DA10 /* API */,
			);
			path = DessertFeed;
			sourceTree = "<group>";
		};
		3E40618C2B5F2321002F9FA1 /* DessertFeedTests */ = {
			isa = PBXGroup;
			children = (
				3E8115212B64432C000DD64A /* UI */,
				3E6FB0052B5F3C4E00E5DA10 /* UseCaseTests */,
				3E6FAFF92B5F384100E5DA10 /* Helpers */,
			);
			path = DessertFeedTests;
			sourceTree = "<group>";
		};
		3E6FAFF92B5F384100E5DA10 /* Helpers */ = {
			isa = PBXGroup;
			children = (
				3ED8756E2B64625600B42953 /* HTTPClientSpy.swift */,
				3E6FAFFD2B5F393C00E5DA10 /* URLProtocolStub.swift */,
				3E6FB0062B5F621500E5DA10 /* XCTestCase+Error.swift */,
				3E6FAFFA2B5F38D100E5DA10 /* XCTestCase+Helpers.swift */,
			);
			path = Helpers;
			sourceTree = "<group>";
		};
		3E6FB0052B5F3C4E00E5DA10 /* UseCaseTests */ = {
			isa = PBXGroup;
			children = (
				3ED8756C2B64612E00B42953 /* LoadDessertDetailsFromServerTests.swift */,
				3E6FB0022B5F3B6900E5DA10 /* LoadDessertFeedFromServerTests.swift */,
			);
			path = UseCaseTests;
			sourceTree = "<group>";
		};
		3E6FB0092B5F6E9000E5DA10 /* API */ = {
			isa = PBXGroup;
			children = (
				3E6FB0112B5F9EBB00E5DA10 /* DessertFeedEndpoints.swift */,
				3E6FB00A2B5F6EA100E5DA10 /* DessertFeedItemsMapper.swift */,
				3ED8757F2B64FE6C00B42953 /* DessertDetailsItemMapper.swift */,
			);
			path = API;
			sourceTree = "<group>";
		};
		3E6FB0102B5F970900E5DA10 /* Models */ = {
			isa = PBXGroup;
			children = (
				3ED875792B64FE2A00B42953 /* DessertDetailsItem.swift */,
				3E6FB00C2B5F943E00E5DA10 /* DessertFeedItem.swift */,
				3ED8757D2B64FE5900B42953 /* Ingredient.swift */,
			);
			path = Models;
			sourceTree = "<group>";
		};
		3E6FB0132B5F9F2D00E5DA10 /* UI */ = {
			isa = PBXGroup;
			children = (
				3ED875702B64E2BB00B42953 /* DessertDetails */,
				3E6FB01D2B61F2A200E5DA10 /* DessertFeed */,
			);
			path = UI;
			sourceTree = "<group>";
		};
		3E6FB0142B5FA04800E5DA10 /* Shared */ = {
			isa = PBXGroup;
			children = (
				3ED875772B64FE0D00B42953 /* DynamicCodingKeys.swift */,
				3E6FB0152B5FA04E00E5DA10 /* API */,
				3E6FB01A2B61CF5E00E5DA10 /* ViewModifiers */,
			);
			path = Shared;
			sourceTree = "<group>";
		};
		3E6FB0152B5FA04E00E5DA10 /* API */ = {
			isa = PBXGroup;
			children = (
				3E6FB0002B5F39A700E5DA10 /* ResourceLoader.swift */,
				3E6FB0182B61CDE100E5DA10 /* URLSessionProtocol.swift */,
			);
			path = API;
			sourceTree = "<group>";
		};
		3E6FB0162B61CBF600E5DA10 /* SharedTests */ = {
			isa = PBXGroup;
			children = (
				3ED875902B670C0900B42953 /* DynamicCodingKeysTests.swift */,
				3E6FB0172B61CC0300E5DA10 /* API */,
			);
			path = SharedTests;
			sourceTree = "<group>";
		};
		3E6FB0172B61CC0300E5DA10 /* API */ = {
			isa = PBXGroup;
			children = (
				3E40618E2B5F2417002F9FA1 /* ResourceLoaderTests.swift */,
			);
			path = API;
			sourceTree = "<group>";
		};
		3E6FB01A2B61CF5E00E5DA10 /* ViewModifiers */ = {
			isa = PBXGroup;
			children = (
				3E6FB01B2B61CF7A00E5DA10 /* OnFirstAppear.swift */,
			);
			path = ViewModifiers;
			sourceTree = "<group>";
		};
		3E6FB01D2B61F2A200E5DA10 /* DessertFeed */ = {
			isa = PBXGroup;
			children = (
				3E40618A2B5F22A3002F9FA1 /* DessertFeedScreen.swift */,
				3E6FB01E2B61F2CD00E5DA10 /* DessertFeedViewModel.swift */,
			);
			path = DessertFeed;
			sourceTree = "<group>";
		};
		3E8115212B64432C000DD64A /* UI */ = {
			isa = PBXGroup;
			children = (
				3ED875882B67067300B42953 /* DessertDetails */,
				3E8115222B644337000DD64A /* DessertFeed */,
			);
			path = UI;
			sourceTree = "<group>";
		};
		3E8115222B644337000DD64A /* DessertFeed */ = {
			isa = PBXGroup;
			children = (
				3ED875862B66FEDD00B42953 /* DessertFeedScreenSnapshotTests.swift */,
				3E8115232B64434A000DD64A /* DessertFeedViewModelTests.swift */,
			);
			path = DessertFeed;
			sourceTree = "<group>";
		};
		3ED875702B64E2BB00B42953 /* DessertDetails */ = {
			isa = PBXGroup;
			children = (
				3ED875712B64E2CB00B42953 /* DessertDetailsScreen.swift */,
				3ED875732B64E2DC00B42953 /* DessertDetailsViewModel.swift */,
			);
			path = DessertDetails;
			sourceTree = "<group>";
		};
		3ED875882B67067300B42953 /* DessertDetails */ = {
			isa = PBXGroup;
			children = (
				3ED875922B670CF100B42953 /* DessertDetailsScreenSnapshotTests.swift */,
				3ED875892B67067F00B42953 /* DessertDetailsViewModelTests.swift */,
			);
			path = DessertDetails;
			sourceTree = "<group>";
		};
		3ED8758C2B67099E00B42953 /* Frameworks */ = {
			isa = PBXGroup;
			children = (
			);
			name = Frameworks;
			sourceTree = "<group>";
		};
/* End PBXGroup section */

/* Begin PBXNativeTarget section */
		3E0C1FB52B5F0A69008D525A /* AppsAndZerts */ = {
			isa = PBXNativeTarget;
			buildConfigurationList = 3E0C1FDA2B5F0A6B008D525A /* Build configuration list for PBXNativeTarget "AppsAndZerts" */;
			buildPhases = (
				3E0C1FB22B5F0A69008D525A /* Sources */,
				3E0C1FB32B5F0A69008D525A /* Frameworks */,
				3E0C1FB42B5F0A69008D525A /* Resources */,
			);
			buildRules = (
			);
			dependencies = (
			);
			name = AppsAndZerts;
			productName = AppsAndZerts;
			productReference = 3E0C1FB62B5F0A6A008D525A /* AppsAndZerts.app */;
			productType = "com.apple.product-type.application";
		};
		3E0C1FC52B5F0A6B008D525A /* AppsAndZertsTests */ = {
			isa = PBXNativeTarget;
			buildConfigurationList = 3E0C1FDD2B5F0A6B008D525A /* Build configuration list for PBXNativeTarget "AppsAndZertsTests" */;
			buildPhases = (
				3E0C1FC22B5F0A6B008D525A /* Sources */,
				3E0C1FC32B5F0A6B008D525A /* Frameworks */,
				3E0C1FC42B5F0A6B008D525A /* Resources */,
			);
			buildRules = (
			);
			dependencies = (
				3E0C1FC82B5F0A6B008D525A /* PBXTargetDependency */,
			);
			name = AppsAndZertsTests;
			packageProductDependencies = (
				3ED8758D2B67099E00B42953 /* SnapshotTesting */,
			);
			productName = AppsAndZertsTests;
			productReference = 3E0C1FC62B5F0A6B008D525A /* AppsAndZertsTests.xctest */;
			productType = "com.apple.product-type.bundle.unit-test";
		};
/* End PBXNativeTarget section */

/* Begin PBXProject section */
		3E0C1FAE2B5F0A69008D525A /* Project object */ = {
			isa = PBXProject;
			attributes = {
				BuildIndependentTargetsInParallel = 1;
				LastSwiftUpdateCheck = 1520;
				LastUpgradeCheck = 1520;
				TargetAttributes = {
					3E0C1FB52B5F0A69008D525A = {
						CreatedOnToolsVersion = 15.2;
					};
					3E0C1FC52B5F0A6B008D525A = {
						CreatedOnToolsVersion = 15.2;
						TestTargetID = 3E0C1FB52B5F0A69008D525A;
					};
				};
			};
			buildConfigurationList = 3E0C1FB12B5F0A69008D525A /* Build configuration list for PBXProject "AppsAndZerts" */;
			compatibilityVersion = "Xcode 14.0";
			developmentRegion = en;
			hasScannedForEncodings = 0;
			knownRegions = (
				en,
				Base,
			);
			mainGroup = 3E0C1FAD2B5F0A69008D525A;
			packageReferences = (
				3ED8758B2B67096500B42953 /* XCRemoteSwiftPackageReference "swift-snapshot-testing" */,
			);
			productRefGroup = 3E0C1FB72B5F0A6A008D525A /* Products */;
			projectDirPath = "";
			projectRoot = "";
			targets = (
				3E0C1FB52B5F0A69008D525A /* AppsAndZerts */,
				3E0C1FC52B5F0A6B008D525A /* AppsAndZertsTests */,
			);
		};
/* End PBXProject section */

/* Begin PBXResourcesBuildPhase section */
		3E0C1FB42B5F0A69008D525A /* Resources */ = {
			isa = PBXResourcesBuildPhase;
			buildActionMask = 2147483647;
			files = (
				3E0C1FC12B5F0A6B008D525A /* Preview Assets.xcassets in Resources */,
				3E0C1FBE2B5F0A6B008D525A /* Assets.xcassets in Resources */,
			);
			runOnlyForDeploymentPostprocessing = 0;
		};
		3E0C1FC42B5F0A6B008D525A /* Resources */ = {
			isa = PBXResourcesBuildPhase;
			buildActionMask = 2147483647;
			files = (
			);
			runOnlyForDeploymentPostprocessing = 0;
		};
/* End PBXResourcesBuildPhase section */

/* Begin PBXSourcesBuildPhase section */
		3E0C1FB22B5F0A69008D525A /* Sources */ = {
			isa = PBXSourcesBuildPhase;
			buildActionMask = 2147483647;
			files = (
				3E40618B2B5F22A3002F9FA1 /* DessertFeedScreen.swift in Sources */,
				3ED875762B64E60A00B42953 /* DessertDetailsScreen.swift in Sources */,
				3ED875802B64FE6C00B42953 /* DessertDetailsItemMapper.swift in Sources */,
				3ED8757E2B64FE5900B42953 /* Ingredient.swift in Sources */,
				3ED8757B2B64FE4100B42953 /* DessertDetailsItem.swift in Sources */,
				3E0C1FBA2B5F0A6A008D525A /* AppsAndZertsApp.swift in Sources */,
				3ED875752B64E60A00B42953 /* DessertDetailsViewModel.swift in Sources */,
				3E6FB0122B5F9EBB00E5DA10 /* DessertFeedEndpoints.swift in Sources */,
				3E6FB00B2B5F6EA100E5DA10 /* DessertFeedItemsMapper.swift in Sources */,
				3E6FB01C2B61CF7A00E5DA10 /* OnFirstAppear.swift in Sources */,
				3E6FB0192B61CDE100E5DA10 /* URLSessionProtocol.swift in Sources */,
				3E6FB01F2B61F2CD00E5DA10 /* DessertFeedViewModel.swift in Sources */,
				3E6FB00D2B5F943E00E5DA10 /* DessertFeedItem.swift in Sources */,
				3E6FB0012B5F39A700E5DA10 /* ResourceLoader.swift in Sources */,
				3ED8757C2B64FE4500B42953 /* DynamicCodingKeys.swift in Sources */,
			);
			runOnlyForDeploymentPostprocessing = 0;
		};
		3E0C1FC22B5F0A6B008D525A /* Sources */ = {
			isa = PBXSourcesBuildPhase;
			buildActionMask = 2147483647;
			files = (
				3E6FAFFC2B5F38E300E5DA10 /* XCTestCase+Helpers.swift in Sources */,
				3E6FAFFF2B5F395900E5DA10 /* URLProtocolStub.swift in Sources */,
				3ED875872B66FEDD00B42953 /* DessertFeedScreenSnapshotTests.swift in Sources */,
				3E4061902B5F2453002F9FA1 /* ResourceLoaderTests.swift in Sources */,
				3E6FB0082B5F622000E5DA10 /* XCTestCase+Error.swift in Sources */,
				3ED875912B670C0900B42953 /* DynamicCodingKeysTests.swift in Sources */,
				3ED8756D2B64612E00B42953 /* LoadDessertDetailsFromServerTests.swift in Sources */,
				3ED8756F2B64625600B42953 /* HTTPClientSpy.swift in Sources */,
				3E6FB0042B5F3B7B00E5DA10 /* LoadDessertFeedFromServerTests.swift in Sources */,
				3ED875932B670CF100B42953 /* DessertDetailsScreenSnapshotTests.swift in Sources */,
				3ED8758A2B67067F00B42953 /* DessertDetailsViewModelTests.swift in Sources */,
				3E8115252B64436D000DD64A /* DessertFeedViewModelTests.swift in Sources */,
			);
			runOnlyForDeploymentPostprocessing = 0;
		};
/* End PBXSourcesBuildPhase section */

/* Begin PBXTargetDependency section */
		3E0C1FC82B5F0A6B008D525A /* PBXTargetDependency */ = {
			isa = PBXTargetDependency;
			target = 3E0C1FB52B5F0A69008D525A /* AppsAndZerts */;
			targetProxy = 3E0C1FC72B5F0A6B008D525A /* PBXContainerItemProxy */;
		};
/* End PBXTargetDependency section */

/* Begin XCBuildConfiguration section */
		3E0C1FD82B5F0A6B008D525A /* Debug */ = {
			isa = XCBuildConfiguration;
			buildSettings = {
				ALWAYS_SEARCH_USER_PATHS = NO;
				ASSETCATALOG_COMPILER_GENERATE_SWIFT_ASSET_SYMBOL_EXTENSIONS = YES;
				CLANG_ANALYZER_NONNULL = YES;
				CLANG_ANALYZER_NUMBER_OBJECT_CONVERSION = YES_AGGRESSIVE;
				CLANG_CXX_LANGUAGE_STANDARD = "gnu++20";
				CLANG_ENABLE_MODULES = YES;
				CLANG_ENABLE_OBJC_ARC = YES;
				CLANG_ENABLE_OBJC_WEAK = YES;
				CLANG_WARN_BLOCK_CAPTURE_AUTORELEASING = YES;
				CLANG_WARN_BOOL_CONVERSION = YES;
				CLANG_WARN_COMMA = YES;
				CLANG_WARN_CONSTANT_CONVERSION = YES;
				CLANG_WARN_DEPRECATED_OBJC_IMPLEMENTATIONS = YES;
				CLANG_WARN_DIRECT_OBJC_ISA_USAGE = YES_ERROR;
				CLANG_WARN_DOCUMENTATION_COMMENTS = YES;
				CLANG_WARN_EMPTY_BODY = YES;
				CLANG_WARN_ENUM_CONVERSION = YES;
				CLANG_WARN_INFINITE_RECURSION = YES;
				CLANG_WARN_INT_CONVERSION = YES;
				CLANG_WARN_NON_LITERAL_NULL_CONVERSION = YES;
				CLANG_WARN_OBJC_IMPLICIT_RETAIN_SELF = YES;
				CLANG_WARN_OBJC_LITERAL_CONVERSION = YES;
				CLANG_WARN_OBJC_ROOT_CLASS = YES_ERROR;
				CLANG_WARN_QUOTED_INCLUDE_IN_FRAMEWORK_HEADER = YES;
				CLANG_WARN_RANGE_LOOP_ANALYSIS = YES;
				CLANG_WARN_STRICT_PROTOTYPES = YES;
				CLANG_WARN_SUSPICIOUS_MOVE = YES;
				CLANG_WARN_UNGUARDED_AVAILABILITY = YES_AGGRESSIVE;
				CLANG_WARN_UNREACHABLE_CODE = YES;
				CLANG_WARN__DUPLICATE_METHOD_MATCH = YES;
				COPY_PHASE_STRIP = NO;
				DEBUG_INFORMATION_FORMAT = dwarf;
				ENABLE_STRICT_OBJC_MSGSEND = YES;
				ENABLE_TESTABILITY = YES;
				ENABLE_USER_SCRIPT_SANDBOXING = YES;
				GCC_C_LANGUAGE_STANDARD = gnu17;
				GCC_DYNAMIC_NO_PIC = NO;
				GCC_NO_COMMON_BLOCKS = YES;
				GCC_OPTIMIZATION_LEVEL = 0;
				GCC_PREPROCESSOR_DEFINITIONS = (
					"DEBUG=1",
					"$(inherited)",
				);
				GCC_WARN_64_TO_32_BIT_CONVERSION = YES;
				GCC_WARN_ABOUT_RETURN_TYPE = YES_ERROR;
				GCC_WARN_UNDECLARED_SELECTOR = YES;
				GCC_WARN_UNINITIALIZED_AUTOS = YES_AGGRESSIVE;
				GCC_WARN_UNUSED_FUNCTION = YES;
				GCC_WARN_UNUSED_VARIABLE = YES;
				IPHONEOS_DEPLOYMENT_TARGET = 17.2;
				LOCALIZATION_PREFERS_STRING_CATALOGS = YES;
				MTL_ENABLE_DEBUG_INFO = INCLUDE_SOURCE;
				MTL_FAST_MATH = YES;
				ONLY_ACTIVE_ARCH = YES;
				SDKROOT = iphoneos;
				SWIFT_ACTIVE_COMPILATION_CONDITIONS = "DEBUG $(inherited)";
				SWIFT_OPTIMIZATION_LEVEL = "-Onone";
			};
			name = Debug;
		};
		3E0C1FD92B5F0A6B008D525A /* Release */ = {
			isa = XCBuildConfiguration;
			buildSettings = {
				ALWAYS_SEARCH_USER_PATHS = NO;
				ASSETCATALOG_COMPILER_GENERATE_SWIFT_ASSET_SYMBOL_EXTENSIONS = YES;
				CLANG_ANALYZER_NONNULL = YES;
				CLANG_ANALYZER_NUMBER_OBJECT_CONVERSION = YES_AGGRESSIVE;
				CLANG_CXX_LANGUAGE_STANDARD = "gnu++20";
				CLANG_ENABLE_MODULES = YES;
				CLANG_ENABLE_OBJC_ARC = YES;
				CLANG_ENABLE_OBJC_WEAK = YES;
				CLANG_WARN_BLOCK_CAPTURE_AUTORELEASING = YES;
				CLANG_WARN_BOOL_CONVERSION = YES;
				CLANG_WARN_COMMA = YES;
				CLANG_WARN_CONSTANT_CONVERSION = YES;
				CLANG_WARN_DEPRECATED_OBJC_IMPLEMENTATIONS = YES;
				CLANG_WARN_DIRECT_OBJC_ISA_USAGE = YES_ERROR;
				CLANG_WARN_DOCUMENTATION_COMMENTS = YES;
				CLANG_WARN_EMPTY_BODY = YES;
				CLANG_WARN_ENUM_CONVERSION = YES;
				CLANG_WARN_INFINITE_RECURSION = YES;
				CLANG_WARN_INT_CONVERSION = YES;
				CLANG_WARN_NON_LITERAL_NULL_CONVERSION = YES;
				CLANG_WARN_OBJC_IMPLICIT_RETAIN_SELF = YES;
				CLANG_WARN_OBJC_LITERAL_CONVERSION = YES;
				CLANG_WARN_OBJC_ROOT_CLASS = YES_ERROR;
				CLANG_WARN_QUOTED_INCLUDE_IN_FRAMEWORK_HEADER = YES;
				CLANG_WARN_RANGE_LOOP_ANALYSIS = YES;
				CLANG_WARN_STRICT_PROTOTYPES = YES;
				CLANG_WARN_SUSPICIOUS_MOVE = YES;
				CLANG_WARN_UNGUARDED_AVAILABILITY = YES_AGGRESSIVE;
				CLANG_WARN_UNREACHABLE_CODE = YES;
				CLANG_WARN__DUPLICATE_METHOD_MATCH = YES;
				COPY_PHASE_STRIP = NO;
				DEBUG_INFORMATION_FORMAT = "dwarf-with-dsym";
				ENABLE_NS_ASSERTIONS = NO;
				ENABLE_STRICT_OBJC_MSGSEND = YES;
				ENABLE_USER_SCRIPT_SANDBOXING = YES;
				GCC_C_LANGUAGE_STANDARD = gnu17;
				GCC_NO_COMMON_BLOCKS = YES;
				GCC_WARN_64_TO_32_BIT_CONVERSION = YES;
				GCC_WARN_ABOUT_RETURN_TYPE = YES_ERROR;
				GCC_WARN_UNDECLARED_SELECTOR = YES;
				GCC_WARN_UNINITIALIZED_AUTOS = YES_AGGRESSIVE;
				GCC_WARN_UNUSED_FUNCTION = YES;
				GCC_WARN_UNUSED_VARIABLE = YES;
				IPHONEOS_DEPLOYMENT_TARGET = 17.2;
				LOCALIZATION_PREFERS_STRING_CATALOGS = YES;
				MTL_ENABLE_DEBUG_INFO = NO;
				MTL_FAST_MATH = YES;
				SDKROOT = iphoneos;
				SWIFT_COMPILATION_MODE = wholemodule;
				VALIDATE_PRODUCT = YES;
			};
			name = Release;
		};
		3E0C1FDB2B5F0A6B008D525A /* Debug */ = {
			isa = XCBuildConfiguration;
			buildSettings = {
				ASSETCATALOG_COMPILER_APPICON_NAME = AppIcon;
				ASSETCATALOG_COMPILER_GLOBAL_ACCENT_COLOR_NAME = AccentColor;
				CODE_SIGN_STYLE = Automatic;
				CURRENT_PROJECT_VERSION = 1;
				DEVELOPMENT_ASSET_PATHS = "\"AppsAndZerts/Preview Content\"";
				ENABLE_PREVIEWS = YES;
				GENERATE_INFOPLIST_FILE = YES;
				INFOPLIST_KEY_UIApplicationSceneManifest_Generation = YES;
				INFOPLIST_KEY_UIApplicationSupportsIndirectInputEvents = YES;
				INFOPLIST_KEY_UILaunchScreen_Generation = YES;
				INFOPLIST_KEY_UISupportedInterfaceOrientations_iPad = "UIInterfaceOrientationPortrait UIInterfaceOrientationPortraitUpsideDown UIInterfaceOrientationLandscapeLeft UIInterfaceOrientationLandscapeRight";
				INFOPLIST_KEY_UISupportedInterfaceOrientations_iPhone = "UIInterfaceOrientationPortrait UIInterfaceOrientationLandscapeLeft UIInterfaceOrientationLandscapeRight";
				LD_RUNPATH_SEARCH_PATHS = (
					"$(inherited)",
					"@executable_path/Frameworks",
				);
				MARKETING_VERSION = 1.0;
				PRODUCT_BUNDLE_IDENTIFIER = dustynaugust.AppsAndZerts;
				PRODUCT_NAME = "$(TARGET_NAME)";
				SWIFT_EMIT_LOC_STRINGS = YES;
				SWIFT_VERSION = 5.0;
				TARGETED_DEVICE_FAMILY = "1,2";
			};
			name = Debug;
		};
		3E0C1FDC2B5F0A6B008D525A /* Release */ = {
			isa = XCBuildConfiguration;
			buildSettings = {
				ASSETCATALOG_COMPILER_APPICON_NAME = AppIcon;
				ASSETCATALOG_COMPILER_GLOBAL_ACCENT_COLOR_NAME = AccentColor;
				CODE_SIGN_STYLE = Automatic;
				CURRENT_PROJECT_VERSION = 1;
				DEVELOPMENT_ASSET_PATHS = "\"AppsAndZerts/Preview Content\"";
				ENABLE_PREVIEWS = YES;
				GENERATE_INFOPLIST_FILE = YES;
				INFOPLIST_KEY_UIApplicationSceneManifest_Generation = YES;
				INFOPLIST_KEY_UIApplicationSupportsIndirectInputEvents = YES;
				INFOPLIST_KEY_UILaunchScreen_Generation = YES;
				INFOPLIST_KEY_UISupportedInterfaceOrientations_iPad = "UIInterfaceOrientationPortrait UIInterfaceOrientationPortraitUpsideDown UIInterfaceOrientationLandscapeLeft UIInterfaceOrientationLandscapeRight";
				INFOPLIST_KEY_UISupportedInterfaceOrientations_iPhone = "UIInterfaceOrientationPortrait UIInterfaceOrientationLandscapeLeft UIInterfaceOrientationLandscapeRight";
				LD_RUNPATH_SEARCH_PATHS = (
					"$(inherited)",
					"@executable_path/Frameworks",
				);
				MARKETING_VERSION = 1.0;
				PRODUCT_BUNDLE_IDENTIFIER = dustynaugust.AppsAndZerts;
				PRODUCT_NAME = "$(TARGET_NAME)";
				SWIFT_EMIT_LOC_STRINGS = YES;
				SWIFT_VERSION = 5.0;
				TARGETED_DEVICE_FAMILY = "1,2";
			};
			name = Release;
		};
		3E0C1FDE2B5F0A6B008D525A /* Debug */ = {
			isa = XCBuildConfiguration;
			buildSettings = {
				ALWAYS_EMBED_SWIFT_STANDARD_LIBRARIES = YES;
				BUNDLE_LOADER = "$(TEST_HOST)";
				CODE_SIGN_STYLE = Automatic;
				CURRENT_PROJECT_VERSION = 1;
				GENERATE_INFOPLIST_FILE = YES;
				IPHONEOS_DEPLOYMENT_TARGET = 17.2;
				MARKETING_VERSION = 1.0;
				PRODUCT_BUNDLE_IDENTIFIER = dustynaugust.AppsAndZertsTests;
				PRODUCT_NAME = "$(TARGET_NAME)";
				SWIFT_EMIT_LOC_STRINGS = NO;
				SWIFT_VERSION = 5.0;
				TARGETED_DEVICE_FAMILY = "1,2";
				TEST_HOST = "$(BUILT_PRODUCTS_DIR)/AppsAndZerts.app/$(BUNDLE_EXECUTABLE_FOLDER_PATH)/AppsAndZerts";
			};
			name = Debug;
		};
		3E0C1FDF2B5F0A6B008D525A /* Release */ = {
			isa = XCBuildConfiguration;
			buildSettings = {
				ALWAYS_EMBED_SWIFT_STANDARD_LIBRARIES = YES;
				BUNDLE_LOADER = "$(TEST_HOST)";
				CODE_SIGN_STYLE = Automatic;
				CURRENT_PROJECT_VERSION = 1;
				GENERATE_INFOPLIST_FILE = YES;
				IPHONEOS_DEPLOYMENT_TARGET = 17.2;
				MARKETING_VERSION = 1.0;
				PRODUCT_BUNDLE_IDENTIFIER = dustynaugust.AppsAndZertsTests;
				PRODUCT_NAME = "$(TARGET_NAME)";
				SWIFT_EMIT_LOC_STRINGS = NO;
				SWIFT_VERSION = 5.0;
				TARGETED_DEVICE_FAMILY = "1,2";
				TEST_HOST = "$(BUILT_PRODUCTS_DIR)/AppsAndZerts.app/$(BUNDLE_EXECUTABLE_FOLDER_PATH)/AppsAndZerts";
			};
			name = Release;
		};
/* End XCBuildConfiguration section */

/* Begin XCConfigurationList section */
		3E0C1FB12B5F0A69008D525A /* Build configuration list for PBXProject "AppsAndZerts" */ = {
			isa = XCConfigurationList;
			buildConfigurations = (
				3E0C1FD82B5F0A6B008D525A /* Debug */,
				3E0C1FD92B5F0A6B008D525A /* Release */,
			);
			defaultConfigurationIsVisible = 0;
			defaultConfigurationName = Release;
		};
		3E0C1FDA2B5F0A6B008D525A /* Build configuration list for PBXNativeTarget "AppsAndZerts" */ = {
			isa = XCConfigurationList;
			buildConfigurations = (
				3E0C1FDB2B5F0A6B008D525A /* Debug */,
				3E0C1FDC2B5F0A6B008D525A /* Release */,
			);
			defaultConfigurationIsVisible = 0;
			defaultConfigurationName = Release;
		};
		3E0C1FDD2B5F0A6B008D525A /* Build configuration list for PBXNativeTarget "AppsAndZertsTests" */ = {
			isa = XCConfigurationList;
			buildConfigurations = (
				3E0C1FDE2B5F0A6B008D525A /* Debug */,
				3E0C1FDF2B5F0A6B008D525A /* Release */,
			);
			defaultConfigurationIsVisible = 0;
			defaultConfigurationName = Release;
		};
/* End XCConfigurationList section */

/* Begin XCRemoteSwiftPackageReference section */
		3ED8758B2B67096500B42953 /* XCRemoteSwiftPackageReference "swift-snapshot-testing" */ = {
			isa = XCRemoteSwiftPackageReference;
			repositoryURL = "https://github.com/pointfreeco/swift-snapshot-testing";
			requirement = {
				kind = upToNextMajorVersion;
				minimumVersion = 1.15.2;
			};
		};
/* End XCRemoteSwiftPackageReference section */

/* Begin XCSwiftPackageProductDependency section */
		3ED8758D2B67099E00B42953 /* SnapshotTesting */ = {
			isa = XCSwiftPackageProductDependency;
			package = 3ED8758B2B67096500B42953 /* XCRemoteSwiftPackageReference "swift-snapshot-testing" */;
			productName = SnapshotTesting;
		};
/* End XCSwiftPackageProductDependency section */
	};
	rootObject = 3E0C1FAE2B5F0A69008D525A /* Project object */;
}
